
Microsoft Visual Studio Solution File, Format Version 12.00
Project("{FAE04EC0-301F-11D3-BF4B-00C04F79EFBC}") = "HabitTracker", "HabitTracker\HabitTracker.csproj", "{48B7605D-FF7E-429E-B687-FC3A55215871}"
EndProject
Project("{FAE04EC0-301F-11D3-BF4B-00C04F79EFBC}") = "Frontend", "Frontend\Frontend.csproj", "{1E03E53D-9736-4E8B-85FB-C65BDCB71AFB}"
EndProject
Project("{FAE04EC0-301F-11D3-BF4B-00C04F79EFBC}") = "Domain", "Domain\Domain.csproj", "{E0682D65-7003-4FD8-B4F1-BC579B961650}"
EndProject
Project("{FAE04EC0-301F-11D3-BF4B-00C04F79EFBC}") = "Application", "Application\Application.csproj", "{F8C7F210-D34C-4B24-A5EB-31172AF09BE7}"
EndProject
Project("{FAE04EC0-301F-11D3-BF4B-00C04F79EFBC}") = "Infrastructure", "Infrastructure\Infrastructure.csproj", "{8183EC57-CB19-4005-985C-96A7F7BF5ED8}"
EndProject
Project("{2150E333-8FDC-42A3-9474-1A3956D46DE8}") = "HabitTrackerFrontend", "HabitTrackerFrontend", "{26012FC4-A5C5-4C8D-AD44-CD00692D28DA}"
EndProject
Project("{2150E333-8FDC-42A3-9474-1A3956D46DE8}") = "HabitTrackerBackend", "HabitTrackerBackend", "{8BB3CBF1-E058-494B-81A5-AA5D3E48ABA0}"
EndProject
Global
	GlobalSection(SolutionConfigurationPlatforms) = preSolution
		Debug|Any CPU = Debug|Any CPU
		Release|Any CPU = Release|Any CPU
	EndGlobalSection
	GlobalSection(ProjectConfigurationPlatforms) = postSolution
		{48B7605D-FF7E-429E-B687-FC3A55215871}.Debug|Any CPU.ActiveCfg = Debug|Any CPU
		{48B7605D-FF7E-429E-B687-FC3A55215871}.Debug|Any CPU.Build.0 = Debug|Any CPU
		{48B7605D-FF7E-429E-B687-FC3A55215871}.Release|Any CPU.ActiveCfg = Release|Any CPU
		{48B7605D-FF7E-429E-B687-FC3A55215871}.Release|Any CPU.Build.0 = Release|Any CPU
		{1E03E53D-9736-4E8B-85FB-C65BDCB71AFB}.Debug|Any CPU.ActiveCfg = Debug|Any CPU
		{1E03E53D-9736-4E8B-85FB-C65BDCB71AFB}.Debug|Any CPU.Build.0 = Debug|Any CPU
		{1E03E53D-9736-4E8B-85FB-C65BDCB71AFB}.Release|Any CPU.ActiveCfg = Release|Any CPU
		{1E03E53D-9736-4E8B-85FB-C65BDCB71AFB}.Release|Any CPU.Build.0 = Release|Any CPU
		{E0682D65-7003-4FD8-B4F1-BC579B961650}.Debug|Any CPU.ActiveCfg = Debug|Any CPU
		{E0682D65-7003-4FD8-B4F1-BC579B961650}.Debug|Any CPU.Build.0 = Debug|Any CPU
		{E0682D65-7003-4FD8-B4F1-BC579B961650}.Release|Any CPU.ActiveCfg = Release|Any CPU
		{E0682D65-7003-4FD8-B4F1-BC579B961650}.Release|Any CPU.Build.0 = Release|Any CPU
		{F8C7F210-D34C-4B24-A5EB-31172AF09BE7}.Debug|Any CPU.ActiveCfg = Debug|Any CPU
		{F8C7F210-D34C-4B24-A5EB-31172AF09BE7}.Debug|Any CPU.Build.0 = Debug|Any CPU
		{F8C7F210-D34C-4B24-A5EB-31172AF09BE7}.Release|Any CPU.ActiveCfg = Release|Any CPU
		{F8C7F210-D34C-4B24-A5EB-31172AF09BE7}.Release|Any CPU.Build.0 = Release|Any CPU
		{8183EC57-CB19-4005-985C-96A7F7BF5ED8}.Debug|Any CPU.ActiveCfg = Debug|Any CPU
		{8183EC57-CB19-4005-985C-96A7F7BF5ED8}.Debug|Any CPU.Build.0 = Debug|Any CPU
		{8183EC57-CB19-4005-985C-96A7F7BF5ED8}.Release|Any CPU.ActiveCfg = Release|Any CPU
		{8183EC57-CB19-4005-985C-96A7F7BF5ED8}.Release|Any CPU.Build.0 = Release|Any CPU
	EndGlobalSection
	GlobalSection(NestedProjects) = preSolution
		{F8C7F210-D34C-4B24-A5EB-31172AF09BE7} = {8BB3CBF1-E058-494B-81A5-AA5D3E48ABA0}
		{E0682D65-7003-4FD8-B4F1-BC579B961650} = {8BB3CBF1-E058-494B-81A5-AA5D3E48ABA0}
		{1E03E53D-9736-4E8B-85FB-C65BDCB71AFB} = {26012FC4-A5C5-4C8D-AD44-CD00692D28DA}
		{48B7605D-FF7E-429E-B687-FC3A55215871} = {8BB3CBF1-E058-494B-81A5-AA5D3E48ABA0}
		{8183EC57-CB19-4005-985C-96A7F7BF5ED8} = {8BB3CBF1-E058-494B-81A5-AA5D3E48ABA0}
	EndGlobalSection
EndGlobal
