
Microsoft Visual Studio Solution File, Format Version 12.00
Project("{FAE04EC0-301F-11D3-BF4B-00C04F79EFBC}") = "WorkTimeKapacityPlanner", "WorkTimeKapacityPlanner\WorkTimeKapacityPlanner.csproj", "{D85FA4D3-4C33-4DC1-A069-016351EB6215}"
EndProject
Project("{FAE04EC0-301F-11D3-BF4B-00C04F79EFBC}") = "Application", "Application\Application.csproj", "{3F03A54C-F420-4457-8072-79890E1692F7}"
EndProject
Global
	GlobalSection(SolutionConfigurationPlatforms) = preSolution
		Debug|Any CPU = Debug|Any CPU
		Release|Any CPU = Release|Any CPU
	EndGlobalSection
	GlobalSection(ProjectConfigurationPlatforms) = postSolution
		{D85FA4D3-4C33-4DC1-A069-016351EB6215}.Debug|Any CPU.ActiveCfg = Debug|Any CPU
		{D85FA4D3-4C33-4DC1-A069-016351EB6215}.Debug|Any CPU.Build.0 = Debug|Any CPU
		{D85FA4D3-4C33-4DC1-A069-016351EB6215}.Release|Any CPU.ActiveCfg = Release|Any CPU
		{D85FA4D3-4C33-4DC1-A069-016351EB6215}.Release|Any CPU.Build.0 = Release|Any CPU
		{3F03A54C-F420-4457-8072-79890E1692F7}.Debug|Any CPU.ActiveCfg = Debug|Any CPU
		{3F03A54C-F420-4457-8072-79890E1692F7}.Debug|Any CPU.Build.0 = Debug|Any CPU
		{3F03A54C-F420-4457-8072-79890E1692F7}.Release|Any CPU.ActiveCfg = Release|Any CPU
		{3F03A54C-F420-4457-8072-79890E1692F7}.Release|Any CPU.Build.0 = Release|Any CPU
	EndGlobalSection
EndGlobal
